
Microsoft Visual Studio Solution File, Format Version 12.00
# Visual Studio Version 16
VisualStudioVersion = 16.0.31424.327
MinimumVisualStudioVersion = 10.0.40219.1
Project("{9A19103F-16F7-4668-BE54-9A1E7A4F7556}") = "SchoolAPI", "SchoolAPI\SchoolAPI.csproj", "{61C10F74-5732-4244-A6A1-2308EC6CE29A}"
EndProject
Project("{9A19103F-16F7-4668-BE54-9A1E7A4F7556}") = "LoggerService", "LoggerService\LoggerService.csproj", "{D4956B13-92DB-473C-A44F-57B7497867C2}"
EndProject
Project("{9A19103F-16F7-4668-BE54-9A1E7A4F7556}") = "Contracts", "Contracts\Contracts.csproj", "{0B59C48B-52BD-4678-978C-032B6FEDE818}"
EndProject
Project("{FAE04EC0-301F-11D3-BF4B-00C04F79EFBC}") = "Entities", "Entities\Entities.csproj", "{1B14254E-3925-4435-9B63-84555BD0C539}"
EndProject
Project("{FAE04EC0-301F-11D3-BF4B-00C04F79EFBC}") = "Repository", "Repository\Repository.csproj", "{90F1C879-1E6D-4681-8E86-3F3DCEED169F}"
EndProject
Global
	GlobalSection(SolutionConfigurationPlatforms) = preSolution
		Debug|Any CPU = Debug|Any CPU
		Release|Any CPU = Release|Any CPU
	EndGlobalSection
	GlobalSection(ProjectConfigurationPlatforms) = postSolution
		{61C10F74-5732-4244-A6A1-2308EC6CE29A}.Debug|Any CPU.ActiveCfg = Debug|Any CPU
		{61C10F74-5732-4244-A6A1-2308EC6CE29A}.Debug|Any CPU.Build.0 = Debug|Any CPU
		{61C10F74-5732-4244-A6A1-2308EC6CE29A}.Release|Any CPU.ActiveCfg = Release|Any CPU
		{61C10F74-5732-4244-A6A1-2308EC6CE29A}.Release|Any CPU.Build.0 = Release|Any CPU
		{D4956B13-92DB-473C-A44F-57B7497867C2}.Debug|Any CPU.ActiveCfg = Debug|Any CPU
		{D4956B13-92DB-473C-A44F-57B7497867C2}.Debug|Any CPU.Build.0 = Debug|Any CPU
		{D4956B13-92DB-473C-A44F-57B7497867C2}.Release|Any CPU.ActiveCfg = Release|Any CPU
		{D4956B13-92DB-473C-A44F-57B7497867C2}.Release|Any CPU.Build.0 = Release|Any CPU
		{0B59C48B-52BD-4678-978C-032B6FEDE818}.Debug|Any CPU.ActiveCfg = Debug|Any CPU
		{0B59C48B-52BD-4678-978C-032B6FEDE818}.Debug|Any CPU.Build.0 = Debug|Any CPU
		{0B59C48B-52BD-4678-978C-032B6FEDE818}.Release|Any CPU.ActiveCfg = Release|Any CPU
		{0B59C48B-52BD-4678-978C-032B6FEDE818}.Release|Any CPU.Build.0 = Release|Any CPU
		{1B14254E-3925-4435-9B63-84555BD0C539}.Debug|Any CPU.ActiveCfg = Debug|Any CPU
		{1B14254E-3925-4435-9B63-84555BD0C539}.Debug|Any CPU.Build.0 = Debug|Any CPU
		{1B14254E-3925-4435-9B63-84555BD0C539}.Release|Any CPU.ActiveCfg = Release|Any CPU
		{1B14254E-3925-4435-9B63-84555BD0C539}.Release|Any CPU.Build.0 = Release|Any CPU
		{90F1C879-1E6D-4681-8E86-3F3DCEED169F}.Debug|Any CPU.ActiveCfg = Debug|Any CPU
		{90F1C879-1E6D-4681-8E86-3F3DCEED169F}.Debug|Any CPU.Build.0 = Debug|Any CPU
		{90F1C879-1E6D-4681-8E86-3F3DCEED169F}.Release|Any CPU.ActiveCfg = Release|Any CPU
		{90F1C879-1E6D-4681-8E86-3F3DCEED169F}.Release|Any CPU.Build.0 = Release|Any CPU
	EndGlobalSection
	GlobalSection(SolutionProperties) = preSolution
		HideSolutionNode = FALSE
	EndGlobalSection
	GlobalSection(ExtensibilityGlobals) = postSolution
		SolutionGuid = {F1435986-B9F6-40B4-AD82-3C5165813668}
	EndGlobalSection
EndGlobal
